
Microsoft Visual Studio Solution File, Format Version 12.00
# Visual Studio Version 17
VisualStudioVersion = 17.0.31903.59
MinimumVisualStudioVersion = 10.0.40219.1
Project("{2150E333-8FDC-42A3-9474-1A3956D46DE8}") = "src", "src", "{827E0CD3-B72D-47B6-A68D-7590B98EB39B}"
EndProject
Project("{FAE04EC0-301F-11D3-BF4B-00C04F79EFBC}") = "Filekin.Core", "src\Filekin.Core\Filekin.Core.csproj", "{280B12E2-CE2C-4718-A476-9804BB5F0639}"
EndProject
Project("{FAE04EC0-301F-11D3-BF4B-00C04F79EFBC}") = "Filekin.Infrastructure.Windows", "src\Filekin.Infrastructure.Windows\Filekin.Infrastructure.Windows.csproj", "{052F6998-A2BF-4283-AF30-0F2DDF81DEA2}"
EndProject
Project("{FAE04EC0-301F-11D3-BF4B-00C04F79EFBC}") = "Filekin.App", "src\Filekin.App\Filekin.App.csproj", "{8B207F30-0E88-447E-93D6-D6A633EE458C}"
EndProject
Project("{2150E333-8FDC-42A3-9474-1A3956D46DE8}") = "tests", "tests", "{0AB3BF05-4346-4AA6-1389-037BE0695223}"
EndProject
Project("{FAE04EC0-301F-11D3-BF4B-00C04F79EFBC}") = "Filekin.Core.Tests", "tests\Filekin.Core.Tests\Filekin.Core.Tests.csproj", "{E6D51B18-4121-455B-A283-ECEDBD9C3BC7}"
EndProject
Project("{FAE04EC0-301F-11D3-BF4B-00C04F79EFBC}") = "Filekin.Infrastructure.Windows.Tests", "tests\Filekin.Infrastructure.Windows.Tests\Filekin.Infrastructure.Windows.Tests.csproj", "{F3FEA71C-CAC2-480B-BB12-039D42599346}"
EndProject
Project("{FAE04EC0-301F-11D3-BF4B-00C04F79EFBC}") = "Filekin.Mcp", "src\Filekin.Mcp\Filekin.Mcp.csproj", "{D5A4D7E2-4E3C-4B2F-B75E-DB9C7AD9CA0A}"
EndProject
Project("{FAE04EC0-301F-11D3-BF4B-00C04F79EFBC}") = "Filekin.Mcp.Tests", "tests\Filekin.Mcp.Tests\Filekin.Mcp.Tests.csproj", "{73DE7BC2-750D-49F0-AF97-828ABE5E3747}"
EndProject
Project("{FAE04EC0-301F-11D3-BF4B-00C04F79EFBC}") = "Filekin.App.Tests", "tests\Filekin.App.Tests\Filekin.App.Tests.csproj", "{9D86F326-A5CE-4D9F-BDAC-017A033B2D97}"
EndProject
Global
	GlobalSection(SolutionConfigurationPlatforms) = preSolution
		Debug|Any CPU = Debug|Any CPU
		Debug|x64 = Debug|x64
		Debug|x86 = Debug|x86
		Release|Any CPU = Release|Any CPU
		Release|x64 = Release|x64
		Release|x86 = Release|x86
	EndGlobalSection
	GlobalSection(ProjectConfigurationPlatforms) = postSolution
		{280B12E2-CE2C-4718-A476-9804BB5F0639}.Debug|Any CPU.ActiveCfg = Debug|Any CPU
		{280B12E2-CE2C-4718-A476-9804BB5F0639}.Debug|Any CPU.Build.0 = Debug|Any CPU
		{280B12E2-CE2C-4718-A476-9804BB5F0639}.Debug|x64.ActiveCfg = Debug|Any CPU
		{280B12E2-CE2C-4718-A476-9804BB5F0639}.Debug|x64.Build.0 = Debug|Any CPU
		{280B12E2-CE2C-4718-A476-9804BB5F0639}.Debug|x86.ActiveCfg = Debug|Any CPU
		{280B12E2-CE2C-4718-A476-9804BB5F0639}.Debug|x86.Build.0 = Debug|Any CPU
		{280B12E2-CE2C-4718-A476-9804BB5F0639}.Release|Any CPU.ActiveCfg = Release|Any CPU
		{280B12E2-CE2C-4718-A476-9804BB5F0639}.Release|Any CPU.Build.0 = Release|Any CPU
		{280B12E2-CE2C-4718-A476-9804BB5F0639}.Release|x64.ActiveCfg = Release|Any CPU
		{280B12E2-CE2C-4718-A476-9804BB5F0639}.Release|x64.Build.0 = Release|Any CPU
		{280B12E2-CE2C-4718-A476-9804BB5F0639}.Release|x86.ActiveCfg = Release|Any CPU
		{280B12E2-CE2C-4718-A476-9804BB5F0639}.Release|x86.Build.0 = Release|Any CPU
		{052F6998-A2BF-4283-AF30-0F2DDF81DEA2}.Debug|Any CPU.ActiveCfg = Debug|Any CPU
		{052F6998-A2BF-4283-AF30-0F2DDF81DEA2}.Debug|Any CPU.Build.0 = Debug|Any CPU
		{052F6998-A2BF-4283-AF30-0F2DDF81DEA2}.Debug|x64.ActiveCfg = Debug|Any CPU
		{052F6998-A2BF-4283-AF30-0F2DDF81DEA2}.Debug|x64.Build.0 = Debug|Any CPU
		{052F6998-A2BF-4283-AF30-0F2DDF81DEA2}.Debug|x86.ActiveCfg = Debug|Any CPU
		{052F6998-A2BF-4283-AF30-0F2DDF81DEA2}.Debug|x86.Build.0 = Debug|Any CPU
		{052F6998-A2BF-4283-AF30-0F2DDF81DEA2}.Release|Any CPU.ActiveCfg = Release|Any CPU
		{052F6998-A2BF-4283-AF30-0F2DDF81DEA2}.Release|Any CPU.Build.0 = Release|Any CPU
		{052F6998-A2BF-4283-AF30-0F2DDF81DEA2}.Release|x64.ActiveCfg = Release|Any CPU
		{052F6998-A2BF-4283-AF30-0F2DDF81DEA2}.Release|x64.Build.0 = Release|Any CPU
		{052F6998-A2BF-4283-AF30-0F2DDF81DEA2}.Release|x86.ActiveCfg = Release|Any CPU
		{052F6998-A2BF-4283-AF30-0F2DDF81DEA2}.Release|x86.Build.0 = Release|Any CPU
		{8B207F30-0E88-447E-93D6-D6A633EE458C}.Debug|Any CPU.ActiveCfg = Debug|Any CPU
		{8B207F30-0E88-447E-93D6-D6A633EE458C}.Debug|Any CPU.Build.0 = Debug|Any CPU
		{8B207F30-0E88-447E-93D6-D6A633EE458C}.Debug|x64.ActiveCfg = Debug|Any CPU
		{8B207F30-0E88-447E-93D6-D6A633EE458C}.Debug|x64.Build.0 = Debug|Any CPU
		{8B207F30-0E88-447E-93D6-D6A633EE458C}.Debug|x86.ActiveCfg = Debug|Any CPU
		{8B207F30-0E88-447E-93D6-D6A633EE458C}.Debug|x86.Build.0 = Debug|Any CPU
		{8B207F30-0E88-447E-93D6-D6A633EE458C}.Release|Any CPU.ActiveCfg = Release|Any CPU
		{8B207F30-0E88-447E-93D6-D6A633EE458C}.Release|Any CPU.Build.0 = Release|Any CPU
		{8B207F30-0E88-447E-93D6-D6A633EE458C}.Release|x64.ActiveCfg = Release|Any CPU
		{8B207F30-0E88-447E-93D6-D6A633EE458C}.Release|x64.Build.0 = Release|Any CPU
		{8B207F30-0E88-447E-93D6-D6A633EE458C}.Release|x86.ActiveCfg = Release|Any CPU
		{8B207F30-0E88-447E-93D6-D6A633EE458C}.Release|x86.Build.0 = Release|Any CPU
		{E6D51B18-4121-455B-A283-ECEDBD9C3BC7}.Debug|Any CPU.ActiveCfg = Debug|Any CPU
		{E6D51B18-4121-455B-A283-ECEDBD9C3BC7}.Debug|Any CPU.Build.0 = Debug|Any CPU
		{E6D51B18-4121-455B-A283-ECEDBD9C3BC7}.Debug|x64.ActiveCfg = Debug|Any CPU
		{E6D51B18-4121-455B-A283-ECEDBD9C3BC7}.Debug|x64.Build.0 = Debug|Any CPU
		{E6D51B18-4121-455B-A283-ECEDBD9C3BC7}.Debug|x86.ActiveCfg = Debug|Any CPU
		{E6D51B18-4121-455B-A283-ECEDBD9C3BC7}.Debug|x86.Build.0 = Debug|Any CPU
		{E6D51B18-4121-455B-A283-ECEDBD9C3BC7}.Release|Any CPU.ActiveCfg = Release|Any CPU
		{E6D51B18-4121-455B-A283-ECEDBD9C3BC7}.Release|Any CPU.Build.0 = Release|Any CPU
		{E6D51B18-4121-455B-A283-ECEDBD9C3BC7}.Release|x64.ActiveCfg = Release|Any CPU
		{E6D51B18-4121-455B-A283-ECEDBD9C3BC7}.Release|x64.Build.0 = Release|Any CPU
		{E6D51B18-4121-455B-A283-ECEDBD9C3BC7}.Release|x86.ActiveCfg = Release|Any CPU
		{E6D51B18-4121-455B-A283-ECEDBD9C3BC7}.Release|x86.Build.0 = Release|Any CPU
		{F3FEA71C-CAC2-480B-BB12-039D42599346}.Debug|Any CPU.ActiveCfg = Debug|Any CPU
		{F3FEA71C-CAC2-480B-BB12-039D42599346}.Debug|Any CPU.Build.0 = Debug|Any CPU
		{F3FEA71C-CAC2-480B-BB12-039D42599346}.Debug|x64.ActiveCfg = Debug|Any CPU
		{F3FEA71C-CAC2-480B-BB12-039D42599346}.Debug|x64.Build.0 = Debug|Any CPU
		{F3FEA71C-CAC2-480B-BB12-039D42599346}.Debug|x86.ActiveCfg = Debug|Any CPU
		{F3FEA71C-CAC2-480B-BB12-039D42599346}.Debug|x86.Build.0 = Debug|Any CPU
		{F3FEA71C-CAC2-480B-BB12-039D42599346}.Release|Any CPU.ActiveCfg = Release|Any CPU
		{F3FEA71C-CAC2-480B-BB12-039D42599346}.Release|Any CPU.Build.0 = Release|Any CPU
		{F3FEA71C-CAC2-480B-BB12-039D42599346}.Release|x64.ActiveCfg = Release|Any CPU
		{F3FEA71C-CAC2-480B-BB12-039D42599346}.Release|x64.Build.0 = Release|Any CPU
		{F3FEA71C-CAC2-480B-BB12-039D42599346}.Release|x86.ActiveCfg = Release|Any CPU
		{F3FEA71C-CAC2-480B-BB12-039D42599346}.Release|x86.Build.0 = Release|Any CPU
		{D5A4D7E2-4E3C-4B2F-B75E-DB9C7AD9CA0A}.Debug|Any CPU.ActiveCfg = Debug|Any CPU
		{D5A4D7E2-4E3C-4B2F-B75E-DB9C7AD9CA0A}.Debug|Any CPU.Build.0 = Debug|Any CPU
		{D5A4D7E2-4E3C-4B2F-B75E-DB9C7AD9CA0A}.Debug|x64.ActiveCfg = Debug|Any CPU
		{D5A4D7E2-4E3C-4B2F-B75E-DB9C7AD9CA0A}.Debug|x64.Build.0 = Debug|Any CPU
		{D5A4D7E2-4E3C-4B2F-B75E-DB9C7AD9CA0A}.Debug|x86.ActiveCfg = Debug|Any CPU
		{D5A4D7E2-4E3C-4B2F-B75E-DB9C7AD9CA0A}.Debug|x86.Build.0 = Debug|Any CPU
		{D5A4D7E2-4E3C-4B2F-B75E-DB9C7AD9CA0A}.Release|Any CPU.ActiveCfg = Release|Any CPU
		{D5A4D7E2-4E3C-4B2F-B75E-DB9C7AD9CA0A}.Release|Any CPU.Build.0 = Release|Any CPU
		{D5A4D7E2-4E3C-4B2F-B75E-DB9C7AD9CA0A}.Release|x64.ActiveCfg = Release|Any CPU
		{D5A4D7E2-4E3C-4B2F-B75E-DB9C7AD9CA0A}.Release|x64.Build.0 = Release|Any CPU
		{D5A4D7E2-4E3C-4B2F-B75E-DB9C7AD9CA0A}.Release|x86.ActiveCfg = Release|Any CPU
		{D5A4D7E2-4E3C-4B2F-B75E-DB9C7AD9CA0A}.Release|x86.Build.0 = Release|Any CPU
		{73DE7BC2-750D-49F0-AF97-828ABE5E3747}.Debug|Any CPU.ActiveCfg = Debug|Any CPU
		{73DE7BC2-750D-49F0-AF97-828ABE5E3747}.Debug|Any CPU.Build.0 = Debug|Any CPU
		{73DE7BC2-750D-49F0-AF97-828ABE5E3747}.Debug|x64.ActiveCfg = Debug|Any CPU
		{73DE7BC2-750D-49F0-AF97-828ABE5E3747}.Debug|x64.Build.0 = Debug|Any CPU
		{73DE7BC2-750D-49F0-AF97-828ABE5E3747}.Debug|x86.ActiveCfg = Debug|Any CPU
		{73DE7BC2-750D-49F0-AF97-828ABE5E3747}.Debug|x86.Build.0 = Debug|Any CPU
		{73DE7BC2-750D-49F0-AF97-828ABE5E3747}.Release|Any CPU.ActiveCfg = Release|Any CPU
		{73DE7BC2-750D-49F0-AF97-828ABE5E3747}.Release|Any CPU.Build.0 = Release|Any CPU
		{73DE7BC2-750D-49F0-AF97-828ABE5E3747}.Release|x64.ActiveCfg = Release|Any CPU
		{73DE7BC2-750D-49F0-AF97-828ABE5E3747}.Release|x64.Build.0 = Release|Any CPU
		{73DE7BC2-750D-49F0-AF97-828ABE5E3747}.Release|x86.ActiveCfg = Release|Any CPU
		{73DE7BC2-750D-49F0-AF97-828ABE5E3747}.Release|x86.Build.0 = Release|Any CPU
		{9D86F326-A5CE-4D9F-BDAC-017A033B2D97}.Debug|Any CPU.ActiveCfg = Debug|Any CPU
		{9D86F326-A5CE-4D9F-BDAC-017A033B2D97}.Debug|Any CPU.Build.0 = Debug|Any CPU
		{9D86F326-A5CE-4D9F-BDAC-017A033B2D97}.Debug|x64.ActiveCfg = Debug|Any CPU
		{9D86F326-A5CE-4D9F-BDAC-017A033B2D97}.Debug|x64.Build.0 = Debug|Any CPU
		{9D86F326-A5CE-4D9F-BDAC-017A033B2D97}.Debug|x86.ActiveCfg = Debug|Any CPU
		{9D86F326-A5CE-4D9F-BDAC-017A033B2D97}.Debug|x86.Build.0 = Debug|Any CPU
		{9D86F326-A5CE-4D9F-BDAC-017A033B2D97}.Release|Any CPU.ActiveCfg = Release|Any CPU
		{9D86F326-A5CE-4D9F-BDAC-017A033B2D97}.Release|Any CPU.Build.0 = Release|Any CPU
		{9D86F326-A5CE-4D9F-BDAC-017A033B2D97}.Release|x64.ActiveCfg = Release|Any CPU
		{9D86F326-A5CE-4D9F-BDAC-017A033B2D97}.Release|x64.Build.0 = Release|Any CPU
		{9D86F326-A5CE-4D9F-BDAC-017A033B2D97}.Release|x86.ActiveCfg = Release|Any CPU
		{9D86F326-A5CE-4D9F-BDAC-017A033B2D97}.Release|x86.Build.0 = Release|Any CPU
	EndGlobalSection
	GlobalSection(SolutionProperties) = preSolution
		HideSolutionNode = FALSE
	EndGlobalSection
	GlobalSection(NestedProjects) = preSolution
		{280B12E2-CE2C-4718-A476-9804BB5F0639} = {827E0CD3-B72D-47B6-A68D-7590B98EB39B}
		{052F6998-A2BF-4283-AF30-0F2DDF81DEA2} = {827E0CD3-B72D-47B6-A68D-7590B98EB39B}
		{8B207F30-0E88-447E-93D6-D6A633EE458C} = {827E0CD3-B72D-47B6-A68D-7590B98EB39B}
		{E6D51B18-4121-455B-A283-ECEDBD9C3BC7} = {0AB3BF05-4346-4AA6-1389-037BE0695223}
		{F3FEA71C-CAC2-480B-BB12-039D42599346} = {0AB3BF05-4346-4AA6-1389-037BE0695223}
		{D5A4D7E2-4E3C-4B2F-B75E-DB9C7AD9CA0A} = {827E0CD3-B72D-47B6-A68D-7590B98EB39B}
		{73DE7BC2-750D-49F0-AF97-828ABE5E3747} = {0AB3BF05-4346-4AA6-1389-037BE0695223}
		{9D86F326-A5CE-4D9F-BDAC-017A033B2D97} = {0AB3BF05-4346-4AA6-1389-037BE0695223}
	EndGlobalSection
EndGlobal
